
Microsoft Visual Studio Solution File, Format Version 12.00
# Visual Studio Version 17
VisualStudioVersion = 17.7.34221.43
MinimumVisualStudioVersion = 10.0.40219.1
Project("{FAE04EC0-301F-11D3-BF4B-00C04F79EFBC}") = "Day8AssignmentP2", "Day8AssignmentP2\Day8AssignmentP2.csproj", "{757BDBAB-A464-4F46-B409-BC41E0E21522}"
EndProject
Global
	GlobalSection(SolutionConfigurationPlatforms) = preSolution
		Debug|Any CPU = Debug|Any CPU
		Release|Any CPU = Release|Any CPU
	EndGlobalSection
	GlobalSection(ProjectConfigurationPlatforms) = postSolution
		{757BDBAB-A464-4F46-B409-BC41E0E21522}.Debug|Any CPU.ActiveCfg = Debug|Any CPU
		{757BDBAB-A464-4F46-B409-BC41E0E21522}.Debug|Any CPU.Build.0 = Debug|Any CPU
		{757BDBAB-A464-4F46-B409-BC41E0E21522}.Release|Any CPU.ActiveCfg = Release|Any CPU
		{757BDBAB-A464-4F46-B409-BC41E0E21522}.Release|Any CPU.Build.0 = Release|Any CPU
	EndGlobalSection
	GlobalSection(SolutionProperties) = preSolution
		HideSolutionNode = FALSE
	EndGlobalSection
	GlobalSection(ExtensibilityGlobals) = postSolution
		SolutionGuid = {86FDE489-C8DC-4394-8BEF-8172CADC1E56}
	EndGlobalSection
EndGlobal
