
Microsoft Visual Studio Solution File, Format Version 12.00
# Visual Studio Version 17
VisualStudioVersion = 17.7.34221.43
MinimumVisualStudioVersion = 10.0.40219.1
Project("{FAE04EC0-301F-11D3-BF4B-00C04F79EFBC}") = "Day8AssignmentP1", "Day8AssignmentP1\Day8AssignmentP1.csproj", "{9AF2D0A9-CA27-4133-B54A-549FA5D95F19}"
EndProject
Global
	GlobalSection(SolutionConfigurationPlatforms) = preSolution
		Debug|Any CPU = Debug|Any CPU
		Release|Any CPU = Release|Any CPU
	EndGlobalSection
	GlobalSection(ProjectConfigurationPlatforms) = postSolution
		{9AF2D0A9-CA27-4133-B54A-549FA5D95F19}.Debug|Any CPU.ActiveCfg = Debug|Any CPU
		{9AF2D0A9-CA27-4133-B54A-549FA5D95F19}.Debug|Any CPU.Build.0 = Debug|Any CPU
		{9AF2D0A9-CA27-4133-B54A-549FA5D95F19}.Release|Any CPU.ActiveCfg = Release|Any CPU
		{9AF2D0A9-CA27-4133-B54A-549FA5D95F19}.Release|Any CPU.Build.0 = Release|Any CPU
	EndGlobalSection
	GlobalSection(SolutionProperties) = preSolution
		HideSolutionNode = FALSE
	EndGlobalSection
	GlobalSection(ExtensibilityGlobals) = postSolution
		SolutionGuid = {7490BDFF-0DE8-442F-B20F-DC2BCA5A8E3E}
	EndGlobalSection
EndGlobal
